# This file is automatically @generated by Poetry 1.6.1 and should not be changed by hand.

[[package]]
name = "colorama"
version = "0.4.6"
description = "Cross-platform colored terminal text."
optional = false
python-versions = "!=3.0.*,!=3.1.*,!=3.2.*,!=3.3.*,!=3.4.*,!=3.5.*,!=3.6.*,>=2.7"
files = [
    {file = "colorama-0.4.6-py2.py3-none-any.whl", hash = "sha256:4f1d9991f5acc0ca119f9d443620b77f9d6b33703e51011c16baf57afb285fc6"},
    {file = "colorama-0.4.6.tar.gz", hash = "sha256:08695f5cb7ed6e0531a20572697297273c47b8cae5a63ffc6d6ed5c201be6e44"},
]

[[package]]
name = "jeepney"
version = "0.8.0"
description = "Low-level, pure Python DBus protocol wrapper."
optional = false
python-versions = ">=3.7"
files = [
    {file = "jeepney-0.8.0-py3-none-any.whl", hash = "sha256:c0a454ad016ca575060802ee4d590dd912e35c122fa04e70306de3d076cce755"},
    {file = "jeepney-0.8.0.tar.gz", hash = "sha256:5efe48d255973902f6badc3ce55e2aa6c5c3b3bc642059ef3a91247bcfcc5806"},
]

[package.extras]
test = ["async-timeout", "pytest", "pytest-asyncio (>=0.17)", "pytest-trio", "testpath", "trio"]
trio = ["async_generator", "trio"]

[[package]]
name = "loguru"
version = "0.6.0"
description = "Python logging made (stupidly) simple"
optional = false
python-versions = ">=3.5"
files = [
    {file = "loguru-0.6.0-py3-none-any.whl", hash = "sha256:4e2414d534a2ab57573365b3e6d0234dfb1d84b68b7f3b948e6fb743860a77c3"},
    {file = "loguru-0.6.0.tar.gz", hash = "sha256:066bd06758d0a513e9836fd9c6b5a75bfb3fd36841f4b996bc60b547a309d41c"},
]

[package.dependencies]
colorama = {version = ">=0.3.4", markers = "sys_platform == \"win32\""}
win32-setctime = {version = ">=1.0.0", markers = "sys_platform == \"win32\""}

[package.extras]
dev = ["Sphinx (>=4.1.1)", "black (>=19.10b0)", "colorama (>=0.3.4)", "docutils (==0.16)", "flake8 (>=3.7.7)", "isort (>=5.1.1)", "pytest (>=4.6.2)", "pytest-cov (>=2.7.1)", "sphinx-autobuild (>=0.7.1)", "sphinx-rtd-theme (>=0.4.3)", "tox (>=3.9.0)"]

[[package]]
name = "markdown-it-py"
version = "3.0.0"
description = "Python port of markdown-it. Markdown parsing, done right!"
optional = false
python-versions = ">=3.8"
files = [
    {file = "markdown-it-py-3.0.0.tar.gz", hash = "sha256:e3f60a94fa066dc52ec76661e37c851cb232d92f9886b15cb560aaada2df8feb"},
    {file = "markdown_it_py-3.0.0-py3-none-any.whl", hash = "sha256:355216845c60bd96232cd8d8c40e8f9765cc86f46880e43a8fd22dc1a1a8cab1"},
]

[package.dependencies]
mdurl = ">=0.1,<1.0"

[package.extras]
benchmarking = ["psutil", "pytest", "pytest-benchmark"]
code-style = ["pre-commit (>=3.0,<4.0)"]
compare = ["commonmark (>=0.9,<1.0)", "markdown (>=3.4,<4.0)", "mistletoe (>=1.0,<2.0)", "mistune (>=2.0,<3.0)", "panflute (>=2.3,<3.0)"]
linkify = ["linkify-it-py (>=1,<3)"]
plugins = ["mdit-py-plugins"]
profiling = ["gprof2dot"]
rtd = ["jupyter_sphinx", "mdit-py-plugins", "myst-parser", "pyyaml", "sphinx", "sphinx-copybutton", "sphinx-design", "sphinx_book_theme"]
testing = ["coverage", "pytest", "pytest-cov", "pytest-regressions"]

[[package]]
name = "mdurl"
version = "0.1.2"
description = "Markdown URL utilities"
optional = false
python-versions = ">=3.7"
files = [
    {file = "mdurl-0.1.2-py3-none-any.whl", hash = "sha256:84008a41e51615a49fc9966191ff91509e3c40b939176e643fd50a5c2196b8f8"},
    {file = "mdurl-0.1.2.tar.gz", hash = "sha256:bb413d29f5eea38f31dd4754dd7377d4465116fb207585f97bf925588687c1ba"},
]

[[package]]
name = "notify-py"
version = "0.3.42"
description = "Cross-platform desktop notification library for Python"
optional = false
python-versions = ">=3.6,<4.0"
files = [
    {file = "notify_py-0.3.42-py3-none-any.whl", hash = "sha256:184e1ddb81edfd5e3830784f31203e88f0cb9018f2d9d7aa04f5f540876c0f27"},
    {file = "notify_py-0.3.42.tar.gz", hash = "sha256:f49457f1d0577a150df5c3fd58ed2892ce3106a517f8e2083f61743d1c05be36"},
]

[package.dependencies]
jeepney = {version = "*", markers = "sys_platform == \"linux\""}
loguru = ">=0.5.3,<=0.6.0"

[[package]]
name = "plyer"
version = "2.1.0"
description = "Platform-independent wrapper for platform-dependent APIs"
optional = false
python-versions = "*"
files = [
    {file = "plyer-2.1.0-py2.py3-none-any.whl", hash = "sha256:1b1772060df8b3045ed4f08231690ec8f7de30f5a004aa1724665a9074eed113"},
    {file = "plyer-2.1.0.tar.gz", hash = "sha256:65b7dfb7e11e07af37a8487eb2aa69524276ef70dad500b07228ce64736baa61"},
]

[package.extras]
android = ["pyjnius"]
dev = ["flake8", "mock"]
ios = ["pyobjus"]
macosx = ["pyobjus"]

[[package]]
name = "pygments"
version = "2.17.2"
description = "Pygments is a syntax highlighting package written in Python."
optional = false
python-versions = ">=3.7"
files = [
    {file = "pygments-2.17.2-py3-none-any.whl", hash = "sha256:b27c2826c47d0f3219f29554824c30c5e8945175d888647acd804ddd04af846c"},
    {file = "pygments-2.17.2.tar.gz", hash = "sha256:da46cec9fd2de5be3a8a784f434e4c4ab670b4ff54d605c4c2717e9d49c4c367"},
]

[package.extras]
plugins = ["importlib-metadata"]
windows-terminal = ["colorama (>=0.4.6)"]

[[package]]
name = "rich"
version = "13.7.0"
description = "Render rich text, tables, progress bars, syntax highlighting, markdown and more to the terminal"
optional = false
python-versions = ">=3.7.0"
files = [
    {file = "rich-13.7.0-py3-none-any.whl", hash = "sha256:6da14c108c4866ee9520bbffa71f6fe3962e193b7da68720583850cd4548e235"},
    {file = "rich-13.7.0.tar.gz", hash = "sha256:5cb5123b5cf9ee70584244246816e9114227e0b98ad9176eede6ad54bf5403fa"},
]

[package.dependencies]
markdown-it-py = ">=2.2.0"
pygments = ">=2.13.0,<3.0.0"

[package.extras]
jupyter = ["ipywidgets (>=7.5.1,<9)"]

[[package]]
name = "toasts-winrt"
version = "1.0.0"
description = "Python WinRT bindings for Windows-Toasts"
optional = false
python-versions = ">=3.8"
files = [
    {file = "toasts-winrt-1.0.0.tar.gz", hash = "sha256:bf71ce565a4d5b5ae83e5e4061ea2148138b3c64adaaea0881c5cce8a94a394a"},
    {file = "toasts_winrt-1.0.0-cp310-cp310-win32.whl", hash = "sha256:5e276a240a0f707ec2aba1c39c060f85529723723ce0180c2b4c2176bc41fb5c"},
    {file = "toasts_winrt-1.0.0-cp310-cp310-win_amd64.whl", hash = "sha256:adfd274e36973f9841e815a5affaa9b7448c34530b66a54b65a9ffc32035f388"},
    {file = "toasts_winrt-1.0.0-cp310-cp310-win_arm64.whl", hash = "sha256:d7289a2b654b21320b67f8384010b6c2fc09781a3cf02b54736cdea99b03db19"},
    {file = "toasts_winrt-1.0.0-cp311-cp311-win32.whl", hash = "sha256:aec4568def3e83cc6784ebea7c8770be29018aa8ff9b12e7da5b9d6c8b2e8dcf"},
    {file = "toasts_winrt-1.0.0-cp311-cp311-win_amd64.whl", hash = "sha256:f8459e6d2bd8bb2006d3f6543871f05d11673e0c5391ed1c3d66915509c9e5f3"},
    {file = "toasts_winrt-1.0.0-cp311-cp311-win_arm64.whl", hash = "sha256:e6b49b964192947d44089ff9332da584384d6746f4a440cf588e0fd05048f697"},
    {file = "toasts_winrt-1.0.0-cp312-cp312-win32.whl", hash = "sha256:4afd92ecb403e6c79dd1aa2b1e4aede302de00392b8df252813c1107b3ec53ef"},
    {file = "toasts_winrt-1.0.0-cp312-cp312-win_amd64.whl", hash = "sha256:1e2e91d2710019b2eeb8066ece9b4619c6fb1b45792cb8c26c25b0b1a5a07cab"},
    {file = "toasts_winrt-1.0.0-cp312-cp312-win_arm64.whl", hash = "sha256:acb2edc54e707a624d42b16caa28f1008572c0d4c2d8d1407218c4ea3cfce234"},
    {file = "toasts_winrt-1.0.0-cp38-cp38-win32.whl", hash = "sha256:924118b81de9fb81b04ae9b06b1adf8891cdc35b01554a2024c5d8f0520adfa3"},
    {file = "toasts_winrt-1.0.0-cp38-cp38-win_amd64.whl", hash = "sha256:3c027a49bd157938068449c603f02a315fd7cfcd52d9af83275bcdb156e399c8"},
    {file = "toasts_winrt-1.0.0-cp39-cp39-win32.whl", hash = "sha256:0ab28913c3649fa9f0d539fdc580df7c807f095225fc8b16bb701567cec679c7"},
    {file = "toasts_winrt-1.0.0-cp39-cp39-win_amd64.whl", hash = "sha256:f7d13a1da03a69f5b6c3a4143bd5d2199199e0ff7f307321241c5bc7ccc8d6cb"},
    {file = "toasts_winrt-1.0.0-cp39-cp39-win_arm64.whl", hash = "sha256:f7d80addf22b53e63ca9cc0659fb8ae26330a2be649c8ceee5d6694a6d68c191"},
]

[[package]]
name = "win32-setctime"
version = "1.1.0"
description = "A small Python utility to set file creation time on Windows"
optional = false
python-versions = ">=3.5"
files = [
    {file = "win32_setctime-1.1.0-py3-none-any.whl", hash = "sha256:231db239e959c2fe7eb1d7dc129f11172354f98361c4fa2d6d2d7e278baa8aad"},
    {file = "win32_setctime-1.1.0.tar.gz", hash = "sha256:15cf5750465118d6929ae4de4eb46e8edae9a5634350c01ba582df868e932cb2"},
]

[package.extras]
dev = ["black (>=19.3b0)", "pytest (>=4.6.2)"]

[[package]]
name = "windows-toasts"
version = "1.0.1"
description = "Python library used to send toast notifications on Windows machines"
optional = false
python-versions = ">=3.8"
files = [
    {file = "Windows-Toasts-1.0.1.tar.gz", hash = "sha256:1a13675e90634b829dffebfac8241d2ca46d6db21182c12c7b38e73f9c2427ea"},
    {file = "Windows_Toasts-1.0.1-py3-none-any.whl", hash = "sha256:a980585dc55f1b810096e072afdcbd61a39188af903eb81fc662787ff8a7363f"},
]

[package.dependencies]
toasts-winrt = "1.0.0"

[metadata]
lock-version = "2.0"
python-versions = "^3.11"
content-hash = "92f7088da6fe48c046fd8a0c5ad27850aac8564a292a5bbc2266d8537c3f860d"
